
Microsoft Visual Studio Solution File, Format Version 12.00
# Visual Studio Version 16
VisualStudioVersion = 16.0.30104.148
MinimumVisualStudioVersion = 10.0.40219.1
Project("{FAE04EC0-301F-11D3-BF4B-00C04F79EFBC}") = "SpeedCAN", "SpeedCAN\SpeedCAN.csproj", "{3396473C-964B-4838-92A2-FB623880DC53}"
EndProject
Global
	GlobalSection(SolutionConfigurationPlatforms) = preSolution
		Debug|Any CPU = Debug|Any CPU
		Release|Any CPU = Release|Any CPU
	EndGlobalSection
	GlobalSection(ProjectConfigurationPlatforms) = postSolution
		{3396473C-964B-4838-92A2-FB623880DC53}.Debug|Any CPU.ActiveCfg = Debug|Any CPU
		{3396473C-964B-4838-92A2-FB623880DC53}.Debug|Any CPU.Build.0 = Debug|Any CPU
		{3396473C-964B-4838-92A2-FB623880DC53}.Debug|Any CPU.Deploy.0 = Debug|Any CPU
		{3396473C-964B-4838-92A2-FB623880DC53}.Release|Any CPU.ActiveCfg = Release|Any CPU
		{3396473C-964B-4838-92A2-FB623880DC53}.Release|Any CPU.Build.0 = Release|Any CPU
		{3396473C-964B-4838-92A2-FB623880DC53}.Release|Any CPU.Deploy.0 = Release|Any CPU
	EndGlobalSection
	GlobalSection(SolutionProperties) = preSolution
		HideSolutionNode = FALSE
	EndGlobalSection
	GlobalSection(ExtensibilityGlobals) = postSolution
		SolutionGuid = {C493F20B-0EE7-4A0B-A9F3-E54E8EECEA05}
	EndGlobalSection
EndGlobal
